{
  "name": "postwoman-cli",
  "version": "0.0.1",
  "lockfileVersion": 1,
  "requires": true,
  "dependencies": {
    "figlet": {
      "version": "1.2.4",
      "resolved": "https://registry.npmjs.org/figlet/-/figlet-1.2.4.tgz",
      "integrity": "sha512-mv8YA9RruB4C5QawPaD29rEVx3N97ZTyNrE4DAfbhuo6tpcMdKnPVo8MlyT3RP5uPcg5M14bEJBq7kjFf4kAWg=="
    },
    "kleur": {
      "version": "3.0.3",
      "resolved": "https://registry.npmjs.org/kleur/-/kleur-3.0.3.tgz",
      "integrity": "sha512-eTIzlVOSUR+JxdDFepEYcBMtZ9Qqdef+rnzWdRZuMbOywu5tO2w2N7rqjoANZ5k9vywhL6Br1VRjUIgTQx4E8w=="
    },
    "node-banner": {
      "version": "1.3.2",
      "resolved": "https://registry.npmjs.org/node-banner/-/node-banner-1.3.2.tgz",
      "integrity": "sha512-XKavNngLRaNZRCZ0/Bqv46F6Ugn47wz3gCzkPYxKYBwJ8Z6Bwpa/CkKDhypWWgirRYZtc7q6zpzCVb/Y310bTg==",
      "requires": {
        "figlet": "^1.2.3",
        "kleur": "^3.0.3"
      }
    }
  }
}
